
Microsoft Visual Studio Solution File, Format Version 12.00
# Visual Studio Version 16
VisualStudioVersion = 16.0.30413.136
MinimumVisualStudioVersion = 10.0.40219.1
Project("{FAE04EC0-301F-11D3-BF4B-00C04F79EFBC}") = "BinTest", "BinTest\BinTest.csproj", "{AE5A9A93-2E84-4722-AD25-D809AF87FF21}"
EndProject
Global
	GlobalSection(SolutionConfigurationPlatforms) = preSolution
		Debug|Any CPU = Debug|Any CPU
		Release|Any CPU = Release|Any CPU
	EndGlobalSection
	GlobalSection(ProjectConfigurationPlatforms) = postSolution
		{AE5A9A93-2E84-4722-AD25-D809AF87FF21}.Debug|Any CPU.ActiveCfg = Debug|Any CPU
		{AE5A9A93-2E84-4722-AD25-D809AF87FF21}.Debug|Any CPU.Build.0 = Debug|Any CPU
		{AE5A9A93-2E84-4722-AD25-D809AF87FF21}.Release|Any CPU.ActiveCfg = Release|Any CPU
		{AE5A9A93-2E84-4722-AD25-D809AF87FF21}.Release|Any CPU.Build.0 = Release|Any CPU
	EndGlobalSection
	GlobalSection(SolutionProperties) = preSolution
		HideSolutionNode = FALSE
	EndGlobalSection
	GlobalSection(ExtensibilityGlobals) = postSolution
		SolutionGuid = {D241AE90-1C0B-4A62-8DF3-CB747957A6C3}
	EndGlobalSection
EndGlobal
